
Microsoft Visual Studio Solution File, Format Version 12.00
# Visual Studio Version 16
VisualStudioVersion = 16.0.31112.23
MinimumVisualStudioVersion = 10.0.40219.1
Project("{FAE04EC0-301F-11D3-BF4B-00C04F79EFBC}") = "ControleEquipamentos", "ControleEquipamentos.csproj", "{35630D81-C4CB-4C47-B194-F34F281B4621}"
EndProject
Global
	GlobalSection(SolutionConfigurationPlatforms) = preSolution
		Debug|Any CPU = Debug|Any CPU
		Release|Any CPU = Release|Any CPU
	EndGlobalSection
	GlobalSection(ProjectConfigurationPlatforms) = postSolution
		{35630D81-C4CB-4C47-B194-F34F281B4621}.Debug|Any CPU.ActiveCfg = Debug|Any CPU
		{35630D81-C4CB-4C47-B194-F34F281B4621}.Debug|Any CPU.Build.0 = Debug|Any CPU
		{35630D81-C4CB-4C47-B194-F34F281B4621}.Release|Any CPU.ActiveCfg = Release|Any CPU
		{35630D81-C4CB-4C47-B194-F34F281B4621}.Release|Any CPU.Build.0 = Release|Any CPU
	EndGlobalSection
	GlobalSection(SolutionProperties) = preSolution
		HideSolutionNode = FALSE
	EndGlobalSection
	GlobalSection(ExtensibilityGlobals) = postSolution
		SolutionGuid = {E7EE570E-7BB8-4F81-B7BD-C7567D86D989}
	EndGlobalSection
EndGlobal
